{
  "name": "homebridge-influxdb-temperature-humidity",
  "version": "0.0.2",
  "lockfileVersion": 2,
  "requires": true,
  "packages": {
    "": {
      "version": "0.0.2",
      "license": "MIT",
      "dependencies": {
        "influx": "^5.4.2"
      },
      "engines": {
        "homebridge": ">=0.4.5",
        "node": ">=11.0.0"
      }
    },
    "node_modules/influx": {
      "version": "5.8.0",
      "resolved": "https://registry.npmjs.org/influx/-/influx-5.8.0.tgz",
      "integrity": "sha512-sWNzAMJCyuXZhe+K3ipwlq+6zEejKu7MCrzHCv9d7xPzuY0mcfcdYpS8lOloPJfyEg+1gpMSGVHbu2Dp78YOXg=="
    }
  },
  "dependencies": {
    "influx": {
      "version": "5.8.0",
      "resolved": "https://registry.npmjs.org/influx/-/influx-5.8.0.tgz",
      "integrity": "sha512-sWNzAMJCyuXZhe+K3ipwlq+6zEejKu7MCrzHCv9d7xPzuY0mcfcdYpS8lOloPJfyEg+1gpMSGVHbu2Dp78YOXg=="
    }
  }
}
