# THIS IS AN AUTOGENERATED FILE. DO NOT EDIT THIS FILE DIRECTLY.
# yarn lockfile v1


"influx@^5.4.2":
  "integrity" "sha512-sWNzAMJCyuXZhe+K3ipwlq+6zEejKu7MCrzHCv9d7xPzuY0mcfcdYpS8lOloPJfyEg+1gpMSGVHbu2Dp78YOXg=="
  "resolved" "https://registry.npmjs.org/influx/-/influx-5.8.0.tgz"
  "version" "5.8.0"
